
Microsoft Visual Studio Solution File, Format Version 12.00
# Visual Studio 14
VisualStudioVersion = 14.0.25420.1
MinimumVisualStudioVersion = 10.0.40219.1
Project("{FAE04EC0-301F-11D3-BF4B-00C04F79EFBC}") = "BookManagement.Web", "BookManagement\BookManagement.Web.csproj", "{28435256-5DF7-4CFF-87C2-095F4D300237}"
EndProject
Project("{FAE04EC0-301F-11D3-BF4B-00C04F79EFBC}") = "BookManagement.DataAccess", "BookManagement.DataAccess\BookManagement.DataAccess.csproj", "{D33CD978-857D-4001-9722-572BFF9CA142}"
EndProject
Project("{FAE04EC0-301F-11D3-BF4B-00C04F79EFBC}") = "BookApi", "BookApi\BookApi.csproj", "{2DEEE314-924F-49D8-A76F-087B1960FEE1}"
EndProject
Global
	GlobalSection(SolutionConfigurationPlatforms) = preSolution
		Debug|Any CPU = Debug|Any CPU
		Release|Any CPU = Release|Any CPU
	EndGlobalSection
	GlobalSection(ProjectConfigurationPlatforms) = postSolution
		{28435256-5DF7-4CFF-87C2-095F4D300237}.Debug|Any CPU.ActiveCfg = Debug|Any CPU
		{28435256-5DF7-4CFF-87C2-095F4D300237}.Debug|Any CPU.Build.0 = Debug|Any CPU
		{28435256-5DF7-4CFF-87C2-095F4D300237}.Release|Any CPU.ActiveCfg = Release|Any CPU
		{28435256-5DF7-4CFF-87C2-095F4D300237}.Release|Any CPU.Build.0 = Release|Any CPU
		{D33CD978-857D-4001-9722-572BFF9CA142}.Debug|Any CPU.ActiveCfg = Debug|Any CPU
		{D33CD978-857D-4001-9722-572BFF9CA142}.Debug|Any CPU.Build.0 = Debug|Any CPU
		{D33CD978-857D-4001-9722-572BFF9CA142}.Release|Any CPU.ActiveCfg = Release|Any CPU
		{D33CD978-857D-4001-9722-572BFF9CA142}.Release|Any CPU.Build.0 = Release|Any CPU
		{2DEEE314-924F-49D8-A76F-087B1960FEE1}.Debug|Any CPU.ActiveCfg = Debug|Any CPU
		{2DEEE314-924F-49D8-A76F-087B1960FEE1}.Debug|Any CPU.Build.0 = Debug|Any CPU
		{2DEEE314-924F-49D8-A76F-087B1960FEE1}.Release|Any CPU.ActiveCfg = Release|Any CPU
		{2DEEE314-924F-49D8-A76F-087B1960FEE1}.Release|Any CPU.Build.0 = Release|Any CPU
	EndGlobalSection
	GlobalSection(SolutionProperties) = preSolution
		HideSolutionNode = FALSE
	EndGlobalSection
EndGlobal
